
Microsoft Visual Studio Solution File, Format Version 11.00
# Visual Studio 2010
Project("{FAE04EC0-301F-11D3-BF4B-00C04F79EFBC}") = "PluggableMvcFun", "PluggableMvcFun\PluggableMvcFun.csproj", "{978B0601-056C-4A58-A19B-0F71E73D9F6F}"
EndProject
Project("{FAE04EC0-301F-11D3-BF4B-00C04F79EFBC}") = "PluggableMvc", "PluggableMvc\PluggableMvc.csproj", "{EB0B87D6-CF37-4BFA-85E5-1FBF57A11532}"
EndProject
Project("{2150E333-8FDC-42A3-9474-1A3956D46DE8}") = "Solution Items", "Solution Items", "{D5564C6B-29C1-4894-B9D0-9DE394373270}"
	ProjectSection(SolutionItems) = preProject
		README.txt = README.txt
	EndProjectSection
EndProject
Project("{FAE04EC0-301F-11D3-BF4B-00C04F79EFBC}") = "PluggableMvc.Extension", "PluggableMvc.Extension\PluggableMvc.Extension.csproj", "{A0FE41BC-8E59-4616-9C13-9B78C728FCFC}"
EndProject
Global
	GlobalSection(TeamFoundationVersionControl) = preSolution
		SccNumberOfProjects = 4
		SccEnterpriseProvider = {4CA58AB2-18FA-4F8D-95D4-32DDF27D184C}
		SccTeamFoundationServer = http://tfs:8080/tfs/sellus
		SccLocalPath0 = .
		SccProjectUniqueName1 = PluggableMvc\\PluggableMvc.csproj
		SccProjectName1 = PluggableMvc
		SccLocalPath1 = PluggableMvc
		SccProjectUniqueName2 = PluggableMvcFun\\PluggableMvcFun.csproj
		SccProjectName2 = PluggableMvcFun
		SccLocalPath2 = PluggableMvcFun
		SccProjectUniqueName3 = PluggableMvc.Extension\\PluggableMvc.Extension.csproj
		SccProjectName3 = PluggableMvc.Extension
		SccLocalPath3 = PluggableMvc.Extension
	EndGlobalSection
	GlobalSection(SolutionConfigurationPlatforms) = preSolution
		Debug|Any CPU = Debug|Any CPU
		Release|Any CPU = Release|Any CPU
	EndGlobalSection
	GlobalSection(ProjectConfigurationPlatforms) = postSolution
		{978B0601-056C-4A58-A19B-0F71E73D9F6F}.Debug|Any CPU.ActiveCfg = Debug|Any CPU
		{978B0601-056C-4A58-A19B-0F71E73D9F6F}.Debug|Any CPU.Build.0 = Debug|Any CPU
		{978B0601-056C-4A58-A19B-0F71E73D9F6F}.Release|Any CPU.ActiveCfg = Release|Any CPU
		{978B0601-056C-4A58-A19B-0F71E73D9F6F}.Release|Any CPU.Build.0 = Release|Any CPU
		{EB0B87D6-CF37-4BFA-85E5-1FBF57A11532}.Debug|Any CPU.ActiveCfg = Debug|Any CPU
		{EB0B87D6-CF37-4BFA-85E5-1FBF57A11532}.Debug|Any CPU.Build.0 = Debug|Any CPU
		{EB0B87D6-CF37-4BFA-85E5-1FBF57A11532}.Release|Any CPU.ActiveCfg = Release|Any CPU
		{EB0B87D6-CF37-4BFA-85E5-1FBF57A11532}.Release|Any CPU.Build.0 = Release|Any CPU
		{A0FE41BC-8E59-4616-9C13-9B78C728FCFC}.Debug|Any CPU.ActiveCfg = Debug|Any CPU
		{A0FE41BC-8E59-4616-9C13-9B78C728FCFC}.Debug|Any CPU.Build.0 = Debug|Any CPU
		{A0FE41BC-8E59-4616-9C13-9B78C728FCFC}.Release|Any CPU.ActiveCfg = Release|Any CPU
		{A0FE41BC-8E59-4616-9C13-9B78C728FCFC}.Release|Any CPU.Build.0 = Release|Any CPU
	EndGlobalSection
	GlobalSection(SolutionProperties) = preSolution
		HideSolutionNode = FALSE
	EndGlobalSection
EndGlobal
